
Microsoft Visual Studio Solution File, Format Version 12.00
# Visual Studio Version 17
VisualStudioVersion = 17.1.32210.238
MinimumVisualStudioVersion = 10.0.40219.1
Project("{FAE04EC0-301F-11D3-BF4B-00C04F79EFBC}") = "WindowsFormsAppSayHelloWorld!", "WindowsFormsAppSayHelloWorld!.csproj", "{723C1469-CA0C-4A68-84C9-11CBE933BD4D}"
EndProject
Global
	GlobalSection(SolutionConfigurationPlatforms) = preSolution
		Debug|Any CPU = Debug|Any CPU
		Release|Any CPU = Release|Any CPU
	EndGlobalSection
	GlobalSection(ProjectConfigurationPlatforms) = postSolution
		{723C1469-CA0C-4A68-84C9-11CBE933BD4D}.Debug|Any CPU.ActiveCfg = Debug|Any CPU
		{723C1469-CA0C-4A68-84C9-11CBE933BD4D}.Debug|Any CPU.Build.0 = Debug|Any CPU
		{723C1469-CA0C-4A68-84C9-11CBE933BD4D}.Release|Any CPU.ActiveCfg = Release|Any CPU
		{723C1469-CA0C-4A68-84C9-11CBE933BD4D}.Release|Any CPU.Build.0 = Release|Any CPU
	EndGlobalSection
	GlobalSection(SolutionProperties) = preSolution
		HideSolutionNode = FALSE
	EndGlobalSection
	GlobalSection(ExtensibilityGlobals) = postSolution
		SolutionGuid = {11B9F008-77F6-4F4C-A0D6-9F0C3B79A59E}
	EndGlobalSection
EndGlobal
